
Microsoft Visual Studio Solution File, Format Version 12.00
# Visual Studio 14
VisualStudioVersion = 14.0.25420.1
MinimumVisualStudioVersion = 10.0.40219.1
Project("{FAE04EC0-301F-11D3-BF4B-00C04F79EFBC}") = "TaskHelper.Core", "TaskHelper.Core\TaskHelper.Core.csproj", "{4C923BFE-865E-4567-8AD2-F6BF5304903F}"
EndProject
Project("{FAE04EC0-301F-11D3-BF4B-00C04F79EFBC}") = "TaskHelper", "TaskHelper\TaskHelper.csproj", "{64D10C68-B42B-4467-8E3C-139E5C9748DC}"
EndProject
Global
	GlobalSection(SolutionConfigurationPlatforms) = preSolution
		Debug|Any CPU = Debug|Any CPU
		Debug|ARM = Debug|ARM
		Debug|x86 = Debug|x86
		Release|Any CPU = Release|Any CPU
		Release|ARM = Release|ARM
		Release|x86 = Release|x86
	EndGlobalSection
	GlobalSection(ProjectConfigurationPlatforms) = postSolution
		{4C923BFE-865E-4567-8AD2-F6BF5304903F}.Debug|Any CPU.ActiveCfg = Debug|Any CPU
		{4C923BFE-865E-4567-8AD2-F6BF5304903F}.Debug|Any CPU.Build.0 = Debug|Any CPU
		{4C923BFE-865E-4567-8AD2-F6BF5304903F}.Debug|ARM.ActiveCfg = Debug|Any CPU
		{4C923BFE-865E-4567-8AD2-F6BF5304903F}.Debug|ARM.Build.0 = Debug|Any CPU
		{4C923BFE-865E-4567-8AD2-F6BF5304903F}.Debug|x86.ActiveCfg = Debug|Any CPU
		{4C923BFE-865E-4567-8AD2-F6BF5304903F}.Debug|x86.Build.0 = Debug|Any CPU
		{4C923BFE-865E-4567-8AD2-F6BF5304903F}.Release|Any CPU.ActiveCfg = Release|Any CPU
		{4C923BFE-865E-4567-8AD2-F6BF5304903F}.Release|Any CPU.Build.0 = Release|Any CPU
		{4C923BFE-865E-4567-8AD2-F6BF5304903F}.Release|ARM.ActiveCfg = Release|Any CPU
		{4C923BFE-865E-4567-8AD2-F6BF5304903F}.Release|ARM.Build.0 = Release|Any CPU
		{4C923BFE-865E-4567-8AD2-F6BF5304903F}.Release|x86.ActiveCfg = Release|Any CPU
		{4C923BFE-865E-4567-8AD2-F6BF5304903F}.Release|x86.Build.0 = Release|Any CPU
		{64D10C68-B42B-4467-8E3C-139E5C9748DC}.Debug|Any CPU.ActiveCfg = Debug|Any CPU
		{64D10C68-B42B-4467-8E3C-139E5C9748DC}.Debug|Any CPU.Build.0 = Debug|Any CPU
		{64D10C68-B42B-4467-8E3C-139E5C9748DC}.Debug|Any CPU.Deploy.0 = Debug|Any CPU
		{64D10C68-B42B-4467-8E3C-139E5C9748DC}.Debug|ARM.ActiveCfg = Debug|ARM
		{64D10C68-B42B-4467-8E3C-139E5C9748DC}.Debug|ARM.Build.0 = Debug|ARM
		{64D10C68-B42B-4467-8E3C-139E5C9748DC}.Debug|ARM.Deploy.0 = Debug|ARM
		{64D10C68-B42B-4467-8E3C-139E5C9748DC}.Debug|x86.ActiveCfg = Debug|x86
		{64D10C68-B42B-4467-8E3C-139E5C9748DC}.Debug|x86.Build.0 = Debug|x86
		{64D10C68-B42B-4467-8E3C-139E5C9748DC}.Debug|x86.Deploy.0 = Debug|x86
		{64D10C68-B42B-4467-8E3C-139E5C9748DC}.Release|Any CPU.ActiveCfg = Release|Any CPU
		{64D10C68-B42B-4467-8E3C-139E5C9748DC}.Release|Any CPU.Build.0 = Release|Any CPU
		{64D10C68-B42B-4467-8E3C-139E5C9748DC}.Release|Any CPU.Deploy.0 = Release|Any CPU
		{64D10C68-B42B-4467-8E3C-139E5C9748DC}.Release|ARM.ActiveCfg = Release|ARM
		{64D10C68-B42B-4467-8E3C-139E5C9748DC}.Release|ARM.Build.0 = Release|ARM
		{64D10C68-B42B-4467-8E3C-139E5C9748DC}.Release|ARM.Deploy.0 = Release|ARM
		{64D10C68-B42B-4467-8E3C-139E5C9748DC}.Release|x86.ActiveCfg = Release|x86
		{64D10C68-B42B-4467-8E3C-139E5C9748DC}.Release|x86.Build.0 = Release|x86
		{64D10C68-B42B-4467-8E3C-139E5C9748DC}.Release|x86.Deploy.0 = Release|x86
	EndGlobalSection
	GlobalSection(SolutionProperties) = preSolution
		HideSolutionNode = FALSE
	EndGlobalSection
EndGlobal
